
Microsoft Visual Studio Solution File, Format Version 12.00
# Visual Studio Version 16
VisualStudioVersion = 16.0.30320.27
MinimumVisualStudioVersion = 10.0.40219.1
Project("{FAE04EC0-301F-11D3-BF4B-00C04F79EFBC}") = "ItorumPlugin", "ItorumPlugin.csproj", "{72D951EE-366E-423B-960A-9DA7F53A60E6}"
EndProject
Global
	GlobalSection(SolutionConfigurationPlatforms) = preSolution
		Debug|Any CPU = Debug|Any CPU
		Release|Any CPU = Release|Any CPU
	EndGlobalSection
	GlobalSection(ProjectConfigurationPlatforms) = postSolution
		{72D951EE-366E-423B-960A-9DA7F53A60E6}.Debug|Any CPU.ActiveCfg = Debug|Any CPU
		{72D951EE-366E-423B-960A-9DA7F53A60E6}.Debug|Any CPU.Build.0 = Debug|Any CPU
		{72D951EE-366E-423B-960A-9DA7F53A60E6}.Release|Any CPU.ActiveCfg = Release|Any CPU
		{72D951EE-366E-423B-960A-9DA7F53A60E6}.Release|Any CPU.Build.0 = Release|Any CPU
	EndGlobalSection
	GlobalSection(SolutionProperties) = preSolution
		HideSolutionNode = FALSE
	EndGlobalSection
	GlobalSection(ExtensibilityGlobals) = postSolution
		SolutionGuid = {2592659A-0ABE-440E-B670-3691A7CBB28E}
	EndGlobalSection
EndGlobal
